<?xml version="1.0" encoding="UTF-8" standalone="yes" ?>
<CodeBlocks_project_file>
	<FileVersion major="1" minor="6" />
	<Project>
		<Option title="Editor" />
		<Option pch_mode="2" />
		<Option compiler="gcc" />
		<Option show_notes="0">
			<notes>
				<![CDATA[Create scripting document with functions
Return uuid to scriptor when spawning entities. Also allow uuid to be fetched from name
Allow attacking to occur in 360 directions (not just 4)]]>
			</notes>
		</Option>
		<Build>
			<Target title="Debug">
				<Option output="../../EditorDebug" prefix_auto="1" extension_auto="1" />
				<Option working_dir="../../../Development" />
				<Option object_output="obj/Debug/" />
				<Option type="1" />
				<Option compiler="gcc" />
				<Compiler>
					<Add option="-std=c++11" />
					<Add option="-g" />
					<Add option="-Wno-misleading-indentation" />
					<Add option="-DEDITOR" />
					<Add directory="C:/Users/Ben/SFGUI/include" />
					<Add directory="C:/Users/Ben/SFML-2.4.2/include" />
					<Add directory="../../Source/include" />
				</Compiler>
				<Linker>
					<Add library="comdlg32" />
					<Add library="C:/Users/Ben/SFGUI/lib/libsfgui.a" />
					<Add library="C:/Users/Ben/SFML-2.4.2/lib/libsfml-audio.a" />
					<Add library="C:/Users/Ben/SFML-2.4.2/lib/libsfml-network.a" />
					<Add library="C:/Users/Ben/SFML-2.4.2/lib/libsfml-graphics.a" />
					<Add library="C:/Users/Ben/SFML-2.4.2/lib/libsfml-window.a" />
					<Add library="C:/Users/Ben/SFML-2.4.2/lib/libsfml-system.a" />
					<Add library="C:/Users/Ben/SFML-2.4.2/lib/libsfml-main.a" />
				</Linker>
			</Target>
			<Target title="Release">
				<Option output="../../Editor" prefix_auto="1" extension_auto="1" />
				<Option working_dir="../../../Development" />
				<Option object_output="obj/Release/" />
				<Option type="1" />
				<Option compiler="gcc" />
				<Compiler>
					<Add option="-O2" />
					<Add option="-std=c++11" />
					<Add option="-Wno-misleading-indentation" />
					<Add option="-DEDITOR" />
					<Add directory="../../Source/include" />
					<Add directory="C:/Users/Ben/SFGUI/include" />
					<Add directory="C:/Users/Ben/SFML-2.4.2/include" />
				</Compiler>
				<Linker>
					<Add option="-s" />
					<Add library="comdlg32" />
					<Add library="C:/Users/Ben/SFGUI/lib/libsfgui.a" />
					<Add library="C:/Users/Ben/SFML-2.4.2/lib/libsfml-audio.a" />
					<Add library="C:/Users/Ben/SFML-2.4.2/lib/libsfml-network.a" />
					<Add library="C:/Users/Ben/SFML-2.4.2/lib/libsfml-graphics.a" />
					<Add library="C:/Users/Ben/SFML-2.4.2/lib/libsfml-window.a" />
					<Add library="C:/Users/Ben/SFML-2.4.2/lib/libsfml-system.a" />
					<Add library="C:/Users/Ben/SFML-2.4.2/lib/libsfml-main.a" />
				</Linker>
			</Target>
		</Build>
		<Compiler>
			<Add option="-Wall" />
		</Compiler>
		<Unit filename="../../Source/include/Editor/Helpers/FilePicker.hpp" />
		<Unit filename="../../Source/include/Editor/Helpers/LayerButtons.hpp" />
		<Unit filename="../../Source/include/Editor/ItemDbEditor.hpp" />
		<Unit filename="../../Source/include/Editor/MapEditor.hpp" />
		<Unit filename="../../Source/include/Editor/version.h" />
		<Unit filename="../../Source/include/Shared/Data/ItemDB.hpp" />
		<Unit filename="../../Source/include/Shared/Entities/Entity.hpp" />
		<Unit filename="../../Source/include/Shared/Entities/EntityBubble.hpp" />
		<Unit filename="../../Source/include/Shared/Entities/EntityManager.hpp" />
		<Unit filename="../../Source/include/Shared/Entities/EntityVisual.hpp" />
		<Unit filename="../../Source/include/Shared/Entities/Instances/ItemEntity.hpp" />
		<Unit filename="../../Source/include/Shared/GUI/CellTable.hpp" />
		<Unit filename="../../Source/include/Shared/GUI/Form.hpp" />
		<Unit filename="../../Source/include/Shared/GUI/ResizableImage.hpp" />
		<Unit filename="../../Source/include/Shared/GUI/WrappingBox.hpp" />
		<Unit filename="../../Source/include/Shared/Maps/Map.hpp" />
		<Unit filename="../../Source/include/Shared/Maps/MapManager.hpp" />
		<Unit filename="../../Source/include/Shared/Maps/Tileset.hpp" />
		<Unit filename="../../Source/include/Shared/Maps/Weather.hpp" />
		<Unit filename="../../Source/include/Shared/Media/Animation.hpp" />
		<Unit filename="../../Source/include/Shared/Media/Playlist.hpp" />
		<Unit filename="../../Source/include/Shared/Media/SoundEngine.hpp" />
		<Unit filename="../../Source/include/Shared/Objects/Effect.hpp" />
		<Unit filename="../../Source/include/Shared/Objects/Item.hpp" />
		<Unit filename="../../Source/include/Shared/Properties.hpp" />
		<Unit filename="../../Source/include/Shared/Scripts/Frame.hpp" />
		<Unit filename="../../Source/include/Shared/Scripts/Function Entry.hpp" />
		<Unit filename="../../Source/include/Shared/Scripts/Parser.hpp" />
		<Unit filename="../../Source/include/Shared/Scripts/Script Environment.hpp" />
		<Unit filename="../../Source/include/Shared/Scripts/Script Interpreter.hpp" />
		<Unit filename="../../Source/include/Shared/Scripts/Token.hpp" />
		<Unit filename="../../Source/include/Shared/Scripts/Traverser.hpp" />
		<Unit filename="../../Source/include/Shared/Scripts/Value.hpp" />
		<Unit filename="../../Source/include/Shared/Util/File.hpp" />
		<Unit filename="../../Source/include/Shared/Util/GameClock.hpp" />
		<Unit filename="../../Source/include/Shared/Util/ResourcePool.hpp" />
		<Unit filename="../../Source/include/Shared/Util/ResourceTypes.hpp" />
		<Unit filename="../../Source/include/Shared/Util/UUID.hpp" />
		<Unit filename="../../Source/include/Shared/Util/Util.hpp" />
		<Unit filename="../../Source/include/Shared/Util/Vector2d.hpp" />
		<Unit filename="../../Source/src/Editor/Helpers/FilePicker.cpp" />
		<Unit filename="../../Source/src/Editor/Helpers/LayerButtons.cpp" />
		<Unit filename="../../Source/src/Editor/ItemDbEditor.cpp" />
		<Unit filename="../../Source/src/Editor/MapEditor.cpp" />
		<Unit filename="../../Source/src/Editor/MapEditorDialogs.cpp" />
		<Unit filename="../../Source/src/Editor/main.cpp" />
		<Unit filename="../../Source/src/Shared/Data/ItemDB.cpp" />
		<Unit filename="../../Source/src/Shared/Entities/Entity.cpp" />
		<Unit filename="../../Source/src/Shared/Entities/EntityBubble.cpp" />
		<Unit filename="../../Source/src/Shared/Entities/EntityManager.cpp" />
		<Unit filename="../../Source/src/Shared/Entities/EntityVisual.cpp" />
		<Unit filename="../../Source/src/Shared/GUI/CellTable.cpp" />
		<Unit filename="../../Source/src/Shared/GUI/Form.cpp" />
		<Unit filename="../../Source/src/Shared/GUI/WrappingBox.cpp" />
		<Unit filename="../../Source/src/Shared/Maps/Map.cpp" />
		<Unit filename="../../Source/src/Shared/Maps/MapManager.cpp" />
		<Unit filename="../../Source/src/Shared/Maps/Tileset.cpp" />
		<Unit filename="../../Source/src/Shared/Maps/Weather.cpp" />
		<Unit filename="../../Source/src/Shared/Media/Animation.cpp" />
		<Unit filename="../../Source/src/Shared/Media/Playlist.cpp" />
		<Unit filename="../../Source/src/Shared/Media/SoundEngine.cpp" />
		<Unit filename="../../Source/src/Shared/Objects/Effect.cpp" />
		<Unit filename="../../Source/src/Shared/Objects/Item.cpp" />
		<Unit filename="../../Source/src/Shared/Properties.cpp" />
		<Unit filename="../../Source/src/Shared/Scripts/Parser.cpp" />
		<Unit filename="../../Source/src/Shared/Scripts/Script Environment.cpp" />
		<Unit filename="../../Source/src/Shared/Scripts/Script Interpreter.cpp" />
		<Unit filename="../../Source/src/Shared/Scripts/Script Library.cpp" />
		<Unit filename="../../Source/src/Shared/Scripts/Traverser.cpp" />
		<Unit filename="../../Source/src/Shared/Util/File.cpp" />
		<Unit filename="../../Source/src/Shared/Util/ResourcePool.cpp" />
		<Unit filename="../../Source/src/Shared/Util/Util.cpp" />
		<Extensions>
			<code_completion />
			<envvars />
			<debugger />
			<lib_finder disable_auto="1" />
			<AutoVersioning>
				<Scheme minor_max="10" build_max="0" rev_max="0" rev_rand_max="10" build_times_to_increment_minor="100" />
				<Settings autoincrement="1" date_declarations="1" use_define="0" update_manifest="1" do_auto_increment="0" ask_to_increment="0" language="C++" svn="0" svn_directory="" header_path="..\..\Source\include\Editor\version.h" />
				<Changes_Log show_changes_editor="0" app_title="released version %M.%m.%b of %p" changeslog_path="ChangesLog.txt" />
				<Code header_guard="VERSION_H" namespace="AutoVersion" prefix="" />
			</AutoVersioning>
		</Extensions>
	</Project>
</CodeBlocks_project_file>
