<?xml version="1.0" encoding="UTF-8" standalone="yes" ?>
<CodeBlocks_project_file>
	<FileVersion major="1" minor="6" />
	<Project>
		<Option title="Editor" />
		<Option pch_mode="2" />
		<Option compiler="gcc" />
		<Build>
			<Target title="Debug">
				<Option output="bin/Debug/Editor" prefix_auto="1" extension_auto="1" />
				<Option working_dir="../../../Development" />
				<Option object_output="obj/Debug/" />
				<Option type="1" />
				<Option compiler="gcc" />
				<Compiler>
					<Add option="-g" />
					<Add option="-DEDITOR" />
					<Add directory="C:/Users/Ben/SFGUI-0.3.2/include" />
					<Add directory="C:/Users/Ben/SFML-2.3.2/include" />
					<Add directory="../../Source/include" />
				</Compiler>
				<Linker>
					<Add library="C:/Users/Ben/SFGUI-0.3.2/lib/libsfgui.a" />
					<Add library="C:/Users/Ben/SFML-2.3.2/lib/libsfml-audio.a" />
					<Add library="C:/Users/Ben/SFML-2.3.2/lib/libsfml-graphics.a" />
					<Add library="C:/Users/Ben/SFML-2.3.2/lib/libsfml-network.a" />
					<Add library="C:/Users/Ben/SFML-2.3.2/lib/libsfml-window.a" />
					<Add library="C:/Users/Ben/SFML-2.3.2/lib/libsfml-system.a" />
					<Add library="C:/Users/Ben/SFML-2.3.2/lib/libsfml-main.a" />
					<Add library="comdlg32" />
				</Linker>
			</Target>
			<Target title="Release">
				<Option output="../../Editor" prefix_auto="1" extension_auto="1" />
				<Option working_dir="../../../Development" />
				<Option object_output="obj/Release/" />
				<Option type="1" />
				<Option compiler="gcc" />
				<Compiler>
					<Add option="-O2" />
					<Add option="-DEDITOR" />
					<Add directory="C:/Users/Ben/SFGUI-0.3.2/include" />
					<Add directory="C:/Users/Ben/SFML-2.3.2/include" />
					<Add directory="../../Source/include" />
				</Compiler>
				<Linker>
					<Add option="-s" />
					<Add library="C:/Users/Ben/SFGUI-0.3.2/lib/libsfgui.a" />
					<Add library="C:/Users/Ben/SFML-2.3.2/lib/libsfml-audio.a" />
					<Add library="C:/Users/Ben/SFML-2.3.2/lib/libsfml-graphics.a" />
					<Add library="C:/Users/Ben/SFML-2.3.2/lib/libsfml-network.a" />
					<Add library="C:/Users/Ben/SFML-2.3.2/lib/libsfml-window.a" />
					<Add library="C:/Users/Ben/SFML-2.3.2/lib/libsfml-system.a" />
					<Add library="C:/Users/Ben/SFML-2.3.2/lib/libsfml-main.a" />
					<Add library="comdlg32" />
				</Linker>
			</Target>
		</Build>
		<Compiler>
			<Add option="-Wall" />
		</Compiler>
		<Unit filename="../../Source/include/Editor/MapEditor.hpp" />
		<Unit filename="../../Source/include/Shared/GUI/WrappingBox.hpp" />
		<Unit filename="../../Source/include/Shared/Maps/Map.hpp" />
		<Unit filename="../../Source/include/Shared/Maps/Tileset.hpp" />
		<Unit filename="../../Source/include/Shared/Media/Animation.hpp" />
		<Unit filename="../../Source/include/Shared/Media/Playlist.hpp" />
		<Unit filename="../../Source/include/Shared/Properties.hpp" />
		<Unit filename="../../Source/include/Shared/Util/File.hpp" />
		<Unit filename="../../Source/include/Shared/Util/GameClock.hpp" />
		<Unit filename="../../Source/include/Shared/Util/ResourcePool.hpp" />
		<Unit filename="../../Source/include/Shared/Util/ResourceTypes.hpp" />
		<Unit filename="../../Source/include/Shared/Util/Util.hpp" />
		<Unit filename="../../Source/include/Shared/Util/Vector2d.hpp" />
		<Unit filename="../../Source/src/Editor/MapEditor.cpp" />
		<Unit filename="../../Source/src/Editor/main.cpp" />
		<Unit filename="../../Source/src/Shared/GUI/WrappingBox.cpp" />
		<Unit filename="../../Source/src/Shared/Maps/Tileset.cpp" />
		<Unit filename="../../Source/src/Shared/Media/Animation.cpp" />
		<Unit filename="../../Source/src/Shared/Media/Playlist.cpp" />
		<Unit filename="../../Source/src/Shared/Properties.cpp" />
		<Unit filename="../../Source/src/Shared/Util/File.cpp" />
		<Unit filename="../../Source/src/Shared/Util/ResourcePool.cpp" />
		<Unit filename="../../Source/src/Shared/Util/Util.cpp" />
		<Extensions>
			<code_completion />
			<envvars />
			<debugger />
			<lib_finder disable_auto="1" />
		</Extensions>
	</Project>
</CodeBlocks_project_file>
